// !$*UTF8*$!
{
	archiveVersion = 1;
	classes = {
	};
	objectVersion = 51;
	objects = {

/* Begin PBXBuildFile section */
		1F55F4B323B68B7F00FB6DFF /* AppDelegate.swift in Sources */ = {isa = PBXBuildFile; fileRef = 1F55F4B223B68B7F00FB6DFF /* AppDelegate.swift */; };
		1F55F4B523B68B7F00FB6DFF /* SceneDelegate.swift in Sources */ = {isa = PBXBuildFile; fileRef = 1F55F4B423B68B7F00FB6DFF /* SceneDelegate.swift */; };
		1F55F4B723B68B7F00FB6DFF /* ChampionsListViewController.swift in Sources */ = {isa = PBXBuildFile; fileRef = 1F55F4B623B68B7F00FB6DFF /* ChampionsListViewController.swift */; };
		1F55F4BC23B68B8100FB6DFF /* Assets.xcassets in Resources */ = {isa = PBXBuildFile; fileRef = 1F55F4BB23B68B8100FB6DFF /* Assets.xcassets */; };
		1F55F4BF23B68B8100FB6DFF /* LaunchScreen.storyboard in Resources */ = {isa = PBXBuildFile; fileRef = 1F55F4BD23B68B8100FB6DFF /* LaunchScreen.storyboard */; };
		1FD89A6323B6A6E30043B56A /* CustomChampionCell.swift in Sources */ = {isa = PBXBuildFile; fileRef = 1FD89A6223B6A6E30043B56A /* CustomChampionCell.swift */; };
		1FFCC69D23B7C72C00EB5C7E /* Champion.swift in Sources */ = {isa = PBXBuildFile; fileRef = 1FFCC69C23B7C72C00EB5C7E /* Champion.swift */; };
		58B67BEA765E54EC5A8CC588 /* Pods_SnapKitTest2.framework in Frameworks */ = {isa = PBXBuildFile; fileRef = 9A51141BD3796E4CE02579B0 /* Pods_SnapKitTest2.framework */; };
/* End PBXBuildFile section */

/* Begin PBXFileReference section */
		1F55F4AF23B68B7F00FB6DFF /* SnapKitTest2.app */ = {isa = PBXFileReference; explicitFileType = wrapper.application; includeInIndex = 0; path = SnapKitTest2.app; sourceTree = BUILT_PRODUCTS_DIR; };
		1F55F4B223B68B7F00FB6DFF /* AppDelegate.swift */ = {isa = PBXFileReference; lastKnownFileType = sourcecode.swift; path = AppDelegate.swift; sourceTree = "<group>"; };
		1F55F4B423B68B7F00FB6DFF /* SceneDelegate.swift */ = {isa = PBXFileReference; lastKnownFileType = sourcecode.swift; path = SceneDelegate.swift; sourceTree = "<group>"; };
		1F55F4B623B68B7F00FB6DFF /* ChampionsListViewController.swift */ = {isa = PBXFileReference; lastKnownFileType = sourcecode.swift; path = ChampionsListViewController.swift; sourceTree = "<group>"; };
		1F55F4BB23B68B8100FB6DFF /* Assets.xcassets */ = {isa = PBXFileReference; lastKnownFileType = folder.assetcatalog; path = Assets.xcassets; sourceTree = "<group>"; };
		1F55F4BE23B68B8100FB6DFF /* Base */ = {isa = PBXFileReference; lastKnownFileType = file.storyboard; name = Base; path = Base.lproj/LaunchScreen.storyboard; sourceTree = "<group>"; };
		1F55F4C023B68B8100FB6DFF /* Info.plist */ = {isa = PBXFileReference; lastKnownFileType = text.plist.xml; path = Info.plist; sourceTree = "<group>"; };
		1FD89A6223B6A6E30043B56A /* CustomChampionCell.swift */ = {isa = PBXFileReference; lastKnownFileType = sourcecode.swift; path = CustomChampionCell.swift; sourceTree = "<group>"; };
		1FFCC69C23B7C72C00EB5C7E /* Champion.swift */ = {isa = PBXFileReference; lastKnownFileType = sourcecode.swift; path = Champion.swift; sourceTree = "<group>"; };
		7AA0BAE0AF32CC77C554712A /* Pods-SnapKitTest2.release.xcconfig */ = {isa = PBXFileReference; includeInIndex = 1; lastKnownFileType = text.xcconfig; name = "Pods-SnapKitTest2.release.xcconfig"; path = "Target Support Files/Pods-SnapKitTest2/Pods-SnapKitTest2.release.xcconfig"; sourceTree = "<group>"; };
		9A51141BD3796E4CE02579B0 /* Pods_SnapKitTest2.framework */ = {isa = PBXFileReference; explicitFileType = wrapper.framework; includeInIndex = 0; path = Pods_SnapKitTest2.framework; sourceTree = BUILT_PRODUCTS_DIR; };
		EC08973A7CC0FF35D5056987 /* Pods-SnapKitTest2.debug.xcconfig */ = {isa = PBXFileReference; includeInIndex = 1; lastKnownFileType = text.xcconfig; name = "Pods-SnapKitTest2.debug.xcconfig"; path = "Target Support Files/Pods-SnapKitTest2/Pods-SnapKitTest2.debug.xcconfig"; sourceTree = "<group>"; };
/* End PBXFileReference section */

/* Begin PBXFrameworksBuildPhase section */
		1F55F4AC23B68B7F00FB6DFF /* Frameworks */ = {
			isa = PBXFrameworksBuildPhase;
			buildActionMask = 2147483647;
			files = (
				58B67BEA765E54EC5A8CC588 /* Pods_SnapKitTest2.framework in Frameworks */,
			);
			runOnlyForDeploymentPostprocessing = 0;
		};
/* End PBXFrameworksBuildPhase section */

/* Begin PBXGroup section */
		1F55F4A623B68B7F00FB6DFF = {
			isa = PBXGroup;
			children = (
				1F55F4B123B68B7F00FB6DFF /* SnapKitTest2 */,
				1F55F4B023B68B7F00FB6DFF /* Products */,
				C5CAEE52AC5E7B5EA23A30F7 /* Pods */,
				8640CD8FC782E9AAD0167AA1 /* Frameworks */,
			);
			sourceTree = "<group>";
		};
		1F55F4B023B68B7F00FB6DFF /* Products */ = {
			isa = PBXGroup;
			children = (
				1F55F4AF23B68B7F00FB6DFF /* SnapKitTest2.app */,
			);
			name = Products;
			sourceTree = "<group>";
		};
		1F55F4B123B68B7F00FB6DFF /* SnapKitTest2 */ = {
			isa = PBXGroup;
			children = (
				1F55F4B223B68B7F00FB6DFF /* AppDelegate.swift */,
				1F55F4B423B68B7F00FB6DFF /* SceneDelegate.swift */,
				1F55F4B623B68B7F00FB6DFF /* ChampionsListViewController.swift */,
				1F55F4BB23B68B8100FB6DFF /* Assets.xcassets */,
				1F55F4BD23B68B8100FB6DFF /* LaunchScreen.storyboard */,
				1F55F4C023B68B8100FB6DFF /* Info.plist */,
				1FD89A6223B6A6E30043B56A /* CustomChampionCell.swift */,
				1FFCC69C23B7C72C00EB5C7E /* Champion.swift */,
			);
			path = SnapKitTest2;
			sourceTree = "<group>";
		};
		8640CD8FC782E9AAD0167AA1 /* Frameworks */ = {
			isa = PBXGroup;
			children = (
				9A51141BD3796E4CE02579B0 /* Pods_SnapKitTest2.framework */,
			);
			name = Frameworks;
			sourceTree = "<group>";
		};
		C5CAEE52AC5E7B5EA23A30F7 /* Pods */ = {
			isa = PBXGroup;
			children = (
				EC08973A7CC0FF35D5056987 /* Pods-SnapKitTest2.debug.xcconfig */,
				7AA0BAE0AF32CC77C554712A /* Pods-SnapKitTest2.release.xcconfig */,
			);
			path = Pods;
			sourceTree = "<group>";
		};
/* End PBXGroup section */

/* Begin PBXNativeTarget section */
		1F55F4AE23B68B7F00FB6DFF /* SnapKitTest2 */ = {
			isa = PBXNativeTarget;
			buildConfigurationList = 1F55F4C323B68B8100FB6DFF /* Build configuration list for PBXNativeTarget "SnapKitTest2" */;
			buildPhases = (
				BA799DFA0B118E195084D930 /* [CP] Check Pods Manifest.lock */,
				1F55F4AB23B68B7F00FB6DFF /* Sources */,
				1F55F4AC23B68B7F00FB6DFF /* Frameworks */,
				1F55F4AD23B68B7F00FB6DFF /* Resources */,
				7B0F87ABF61184AA00BEA208 /* [CP] Embed Pods Frameworks */,
			);
			buildRules = (
			);
			dependencies = (
			);
			name = SnapKitTest2;
			productName = SnapKitTest2;
			productReference = 1F55F4AF23B68B7F00FB6DFF /* SnapKitTest2.app */;
			productType = "com.apple.product-type.application";
		};
/* End PBXNativeTarget section */

/* Begin PBXProject section */
		1F55F4A723B68B7F00FB6DFF /* Project object */ = {
			isa = PBXProject;
			attributes = {
				LastSwiftUpdateCheck = 1130;
				LastUpgradeCheck = 1130;
				ORGANIZATIONNAME = Aleksandra;
				TargetAttributes = {
					1F55F4AE23B68B7F00FB6DFF = {
						CreatedOnToolsVersion = 11.3;
					};
				};
			};
			buildConfigurationList = 1F55F4AA23B68B7F00FB6DFF /* Build configuration list for PBXProject "SnapKitTest2" */;
			compatibilityVersion = "Xcode 9.3";
			developmentRegion = en;
			hasScannedForEncodings = 0;
			knownRegions = (
				en,
				Base,
			);
			mainGroup = 1F55F4A623B68B7F00FB6DFF;
			productRefGroup = 1F55F4B023B68B7F00FB6DFF /* Products */;
			projectDirPath = "";
			projectRoot = "";
			targets = (
				1F55F4AE23B68B7F00FB6DFF /* SnapKitTest2 */,
			);
		};
/* End PBXProject section */

/* Begin PBXResourcesBuildPhase section */
		1F55F4AD23B68B7F00FB6DFF /* Resources */ = {
			isa = PBXResourcesBuildPhase;
			buildActionMask = 2147483647;
			files = (
				1F55F4BF23B68B8100FB6DFF /* LaunchScreen.storyboard in Resources */,
				1F55F4BC23B68B8100FB6DFF /* Assets.xcassets in Resources */,
			);
			runOnlyForDeploymentPostprocessing = 0;
		};
/* End PBXResourcesBuildPhase section */

/* Begin PBXShellScriptBuildPhase section */
		7B0F87ABF61184AA00BEA208 /* [CP] Embed Pods Frameworks */ = {
			isa = PBXShellScriptBuildPhase;
			buildActionMask = 2147483647;
			files = (
			);
			inputFileListPaths = (
				"${PODS_ROOT}/Target Support Files/Pods-SnapKitTest2/Pods-SnapKitTest2-frameworks-${CONFIGURATION}-input-files.xcfilelist",
			);
			name = "[CP] Embed Pods Frameworks";
			outputFileListPaths = (
				"${PODS_ROOT}/Target Support Files/Pods-SnapKitTest2/Pods-SnapKitTest2-frameworks-${CONFIGURATION}-output-files.xcfilelist",
			);
			runOnlyForDeploymentPostprocessing = 0;
			shellPath = /bin/sh;
			shellScript = "\"${PODS_ROOT}/Target Support Files/Pods-SnapKitTest2/Pods-SnapKitTest2-frameworks.sh\"\n";
			showEnvVarsInLog = 0;
		};
		BA799DFA0B118E195084D930 /* [CP] Check Pods Manifest.lock */ = {
			isa = PBXShellScriptBuildPhase;
			buildActionMask = 2147483647;
			files = (
			);
			inputFileListPaths = (
			);
			inputPaths = (
				"${PODS_PODFILE_DIR_PATH}/Podfile.lock",
				"${PODS_ROOT}/Manifest.lock",
			);
			name = "[CP] Check Pods Manifest.lock";
			outputFileListPaths = (
			);
			outputPaths = (
				"$(DERIVED_FILE_DIR)/Pods-SnapKitTest2-checkManifestLockResult.txt",
			);
			runOnlyForDeploymentPostprocessing = 0;
			shellPath = /bin/sh;
			shellScript = "diff \"${PODS_PODFILE_DIR_PATH}/Podfile.lock\" \"${PODS_ROOT}/Manifest.lock\" > /dev/null\nif [ $? != 0 ] ; then\n    # print error to STDERR\n    echo \"error: The sandbox is not in sync with the Podfile.lock. Run 'pod install' or update your CocoaPods installation.\" >&2\n    exit 1\nfi\n# This output is used by Xcode 'outputs' to avoid re-running this script phase.\necho \"SUCCESS\" > \"${SCRIPT_OUTPUT_FILE_0}\"\n";
			showEnvVarsInLog = 0;
		};
/* End PBXShellScriptBuildPhase section */

/* Begin PBXSourcesBuildPhase section */
		1F55F4AB23B68B7F00FB6DFF /* Sources */ = {
			isa = PBXSourcesBuildPhase;
			buildActionMask = 2147483647;
			files = (
				1FFCC69D23B7C72C00EB5C7E /* Champion.swift in Sources */,
				1F55F4B723B68B7F00FB6DFF /* ChampionsListViewController.swift in Sources */,
				1FD89A6323B6A6E30043B56A /* CustomChampionCell.swift in Sources */,
				1F55F4B323B68B7F00FB6DFF /* AppDelegate.swift in Sources */,
				1F55F4B523B68B7F00FB6DFF /* SceneDelegate.swift in Sources */,
			);
			runOnlyForDeploymentPostprocessing = 0;
		};
/* End PBXSourcesBuildPhase section */

/* Begin PBXVariantGroup section */
		1F55F4BD23B68B8100FB6DFF /* LaunchScreen.storyboard */ = {
			isa = PBXVariantGroup;
			children = (
				1F55F4BE23B68B8100FB6DFF /* Base */,
			);
			name = LaunchScreen.storyboard;
			sourceTree = "<group>";
		};
/* End PBXVariantGroup section */

/* Begin XCBuildConfiguration section */
		1F55F4C123B68B8100FB6DFF /* Debug */ = {
			isa = XCBuildConfiguration;
			buildSettings = {
				ALWAYS_SEARCH_USER_PATHS = NO;
				CLANG_ANALYZER_NONNULL = YES;
				CLANG_ANALYZER_NUMBER_OBJECT_CONVERSION = YES_AGGRESSIVE;
				CLANG_CXX_LANGUAGE_STANDARD = "gnu++14";
				CLANG_CXX_LIBRARY = "libc++";
				CLANG_ENABLE_MODULES = YES;
				CLANG_ENABLE_OBJC_ARC = YES;
				CLANG_ENABLE_OBJC_WEAK = YES;
				CLANG_WARN_BLOCK_CAPTURE_AUTORELEASING = YES;
				CLANG_WARN_BOOL_CONVERSION = YES;
				CLANG_WARN_COMMA = YES;
				CLANG_WARN_CONSTANT_CONVERSION = YES;
				CLANG_WARN_DEPRECATED_OBJC_IMPLEMENTATIONS = YES;
				CLANG_WARN_DIRECT_OBJC_ISA_USAGE = YES_ERROR;
				CLANG_WARN_DOCUMENTATION_COMMENTS = YES;
				CLANG_WARN_EMPTY_BODY = YES;
				CLANG_WARN_ENUM_CONVERSION = YES;
				CLANG_WARN_INFINITE_RECURSION = YES;
				CLANG_WARN_INT_CONVERSION = YES;
				CLANG_WARN_NON_LITERAL_NULL_CONVERSION = YES;
				CLANG_WARN_OBJC_IMPLICIT_RETAIN_SELF = YES;
				CLANG_WARN_OBJC_LITERAL_CONVERSION = YES;
				CLANG_WARN_OBJC_ROOT_CLASS = YES_ERROR;
				CLANG_WARN_RANGE_LOOP_ANALYSIS = YES;
				CLANG_WARN_STRICT_PROTOTYPES = YES;
				CLANG_WARN_SUSPICIOUS_MOVE = YES;
				CLANG_WARN_UNGUARDED_AVAILABILITY = YES_AGGRESSIVE;
				CLANG_WARN_UNREACHABLE_CODE = YES;
				CLANG_WARN__DUPLICATE_METHOD_MATCH = YES;
				COPY_PHASE_STRIP = NO;
				DEBUG_INFORMATION_FORMAT = dwarf;
				ENABLE_STRICT_OBJC_MSGSEND = YES;
				ENABLE_TESTABILITY = YES;
				GCC_C_LANGUAGE_STANDARD = gnu11;
				GCC_DYNAMIC_NO_PIC = NO;
				GCC_NO_COMMON_BLOCKS = YES;
				GCC_OPTIMIZATION_LEVEL = 0;
				GCC_PREPROCESSOR_DEFINITIONS = (
					"DEBUG=1",
					"$(inherited)",
				);
				GCC_WARN_64_TO_32_BIT_CONVERSION = YES;
				GCC_WARN_ABOUT_RETURN_TYPE = YES_ERROR;
				GCC_WARN_UNDECLARED_SELECTOR = YES;
				GCC_WARN_UNINITIALIZED_AUTOS = YES_AGGRESSIVE;
				GCC_WARN_UNUSED_FUNCTION = YES;
				GCC_WARN_UNUSED_VARIABLE = YES;
				IPHONEOS_DEPLOYMENT_TARGET = 13.2;
				MTL_ENABLE_DEBUG_INFO = INCLUDE_SOURCE;
				MTL_FAST_MATH = YES;
				ONLY_ACTIVE_ARCH = YES;
				SDKROOT = iphoneos;
				SWIFT_ACTIVE_COMPILATION_CONDITIONS = DEBUG;
				SWIFT_OPTIMIZATION_LEVEL = "-Onone";
			};
			name = Debug;
		};
		1F55F4C223B68B8100FB6DFF /* Release */ = {
			isa = XCBuildConfiguration;
			buildSettings = {
				ALWAYS_SEARCH_USER_PATHS = NO;
				CLANG_ANALYZER_NONNULL = YES;
				CLANG_ANALYZER_NUMBER_OBJECT_CONVERSION = YES_AGGRESSIVE;
				CLANG_CXX_LANGUAGE_STANDARD = "gnu++14";
				CLANG_CXX_LIBRARY = "libc++";
				CLANG_ENABLE_MODULES = YES;
				CLANG_ENABLE_OBJC_ARC = YES;
				CLANG_ENABLE_OBJC_WEAK = YES;
				CLANG_WARN_BLOCK_CAPTURE_AUTORELEASING = YES;
				CLANG_WARN_BOOL_CONVERSION = YES;
				CLANG_WARN_COMMA = YES;
				CLANG_WARN_CONSTANT_CONVERSION = YES;
				CLANG_WARN_DEPRECATED_OBJC_IMPLEMENTATIONS = YES;
				CLANG_WARN_DIRECT_OBJC_ISA_USAGE = YES_ERROR;
				CLANG_WARN_DOCUMENTATION_COMMENTS = YES;
				CLANG_WARN_EMPTY_BODY = YES;
				CLANG_WARN_ENUM_CONVERSION = YES;
				CLANG_WARN_INFINITE_RECURSION = YES;
				CLANG_WARN_INT_CONVERSION = YES;
				CLANG_WARN_NON_LITERAL_NULL_CONVERSION = YES;
				CLANG_WARN_OBJC_IMPLICIT_RETAIN_SELF = YES;
				CLANG_WARN_OBJC_LITERAL_CONVERSION = YES;
				CLANG_WARN_OBJC_ROOT_CLASS = YES_ERROR;
				CLANG_WARN_RANGE_LOOP_ANALYSIS = YES;
				CLANG_WARN_STRICT_PROTOTYPES = YES;
				CLANG_WARN_SUSPICIOUS_MOVE = YES;
				CLANG_WARN_UNGUARDED_AVAILABILITY = YES_AGGRESSIVE;
				CLANG_WARN_UNREACHABLE_CODE = YES;
				CLANG_WARN__DUPLICATE_METHOD_MATCH = YES;
				COPY_PHASE_STRIP = NO;
				DEBUG_INFORMATION_FORMAT = "dwarf-with-dsym";
				ENABLE_NS_ASSERTIONS = NO;
				ENABLE_STRICT_OBJC_MSGSEND = YES;
				GCC_C_LANGUAGE_STANDARD = gnu11;
				GCC_NO_COMMON_BLOCKS = YES;
				GCC_WARN_64_TO_32_BIT_CONVERSION = YES;
				GCC_WARN_ABOUT_RETURN_TYPE = YES_ERROR;
				GCC_WARN_UNDECLARED_SELECTOR = YES;
				GCC_WARN_UNINITIALIZED_AUTOS = YES_AGGRESSIVE;
				GCC_WARN_UNUSED_FUNCTION = YES;
				GCC_WARN_UNUSED_VARIABLE = YES;
				IPHONEOS_DEPLOYMENT_TARGET = 13.2;
				MTL_ENABLE_DEBUG_INFO = NO;
				MTL_FAST_MATH = YES;
				SDKROOT = iphoneos;
				SWIFT_COMPILATION_MODE = wholemodule;
				SWIFT_OPTIMIZATION_LEVEL = "-O";
				VALIDATE_PRODUCT = YES;
			};
			name = Release;
		};
		1F55F4C423B68B8100FB6DFF /* Debug */ = {
			isa = XCBuildConfiguration;
			baseConfigurationReference = EC08973A7CC0FF35D5056987 /* Pods-SnapKitTest2.debug.xcconfig */;
			buildSettings = {
				ASSETCATALOG_COMPILER_APPICON_NAME = AppIcon;
				CODE_SIGN_STYLE = Automatic;
				DEVELOPMENT_TEAM = VDND3H3H34;
				INFOPLIST_FILE = SnapKitTest2/Info.plist;
				LD_RUNPATH_SEARCH_PATHS = (
					"$(inherited)",
					"@executable_path/Frameworks",
				);
				PRODUCT_BUNDLE_IDENTIFIER = aleksandrakonopka.SnapKitTest2;
				PRODUCT_NAME = "$(TARGET_NAME)";
				SWIFT_VERSION = 5.0;
				TARGETED_DEVICE_FAMILY = "1,2";
			};
			name = Debug;
		};
		1F55F4C523B68B8100FB6DFF /* Release */ = {
			isa = XCBuildConfiguration;
			baseConfigurationReference = 7AA0BAE0AF32CC77C554712A /* Pods-SnapKitTest2.release.xcconfig */;
			buildSettings = {
				ASSETCATALOG_COMPILER_APPICON_NAME = AppIcon;
				CODE_SIGN_STYLE = Automatic;
				DEVELOPMENT_TEAM = VDND3H3H34;
				INFOPLIST_FILE = SnapKitTest2/Info.plist;
				LD_RUNPATH_SEARCH_PATHS = (
					"$(inherited)",
					"@executable_path/Frameworks",
				);
				PRODUCT_BUNDLE_IDENTIFIER = aleksandrakonopka.SnapKitTest2;
				PRODUCT_NAME = "$(TARGET_NAME)";
				SWIFT_VERSION = 5.0;
				TARGETED_DEVICE_FAMILY = "1,2";
			};
			name = Release;
		};
/* End XCBuildConfiguration section */

/* Begin XCConfigurationList section */
		1F55F4AA23B68B7F00FB6DFF /* Build configuration list for PBXProject "SnapKitTest2" */ = {
			isa = XCConfigurationList;
			buildConfigurations = (
				1F55F4C123B68B8100FB6DFF /* Debug */,
				1F55F4C223B68B8100FB6DFF /* Release */,
			);
			defaultConfigurationIsVisible = 0;
			defaultConfigurationName = Release;
		};
		1F55F4C323B68B8100FB6DFF /* Build configuration list for PBXNativeTarget "SnapKitTest2" */ = {
			isa = XCConfigurationList;
			buildConfigurations = (
				1F55F4C423B68B8100FB6DFF /* Debug */,
				1F55F4C523B68B8100FB6DFF /* Release */,
			);
			defaultConfigurationIsVisible = 0;
			defaultConfigurationName = Release;
		};
/* End XCConfigurationList section */
	};
	rootObject = 1F55F4A723B68B7F00FB6DFF /* Project object */;
}
